// !$*UTF8*$!
{
	archiveVersion = 1;
	classes = {
	};
	objectVersion = 50;
	objects = {

/* Begin PBXBuildFile section */
		E1E54BFB25368C0F0016ACE8 /* AppDelegate.swift in Sources */ = {isa = PBXBuildFile; fileRef = E1E54BFA25368C0F0016ACE8 /* AppDelegate.swift */; };
		E1E54BFD25368C0F0016ACE8 /* SceneDelegate.swift in Sources */ = {isa = PBXBuildFile; fileRef = E1E54BFC25368C0F0016ACE8 /* SceneDelegate.swift */; };
		E1E54BFF25368C0F0016ACE8 /* ViewController.swift in Sources */ = {isa = PBXBuildFile; fileRef = E1E54BFE25368C0F0016ACE8 /* ViewController.swift */; };
		E1E54C0225368C0F0016ACE8 /* Main.storyboard in Resources */ = {isa = PBXBuildFile; fileRef = E1E54C0025368C0F0016ACE8 /* Main.storyboard */; };
		E1E54C0425368C110016ACE8 /* Assets.xcassets in Resources */ = {isa = PBXBuildFile; fileRef = E1E54C0325368C110016ACE8 /* Assets.xcassets */; };
		E1E54C0725368C110016ACE8 /* LaunchScreen.storyboard in Resources */ = {isa = PBXBuildFile; fileRef = E1E54C0525368C110016ACE8 /* LaunchScreen.storyboard */; };
		E1E54C1225368C110016ACE8 /* JunkiesTests.swift in Sources */ = {isa = PBXBuildFile; fileRef = E1E54C1125368C110016ACE8 /* JunkiesTests.swift */; };
		E1E54C1D25368C110016ACE8 /* JunkiesUITests.swift in Sources */ = {isa = PBXBuildFile; fileRef = E1E54C1C25368C110016ACE8 /* JunkiesUITests.swift */; };
/* End PBXBuildFile section */

/* Begin PBXContainerItemProxy section */
		E1E54C0E25368C110016ACE8 /* PBXContainerItemProxy */ = {
			isa = PBXContainerItemProxy;
			containerPortal = E1E54BEF25368C0F0016ACE8 /* Project object */;
			proxyType = 1;
			remoteGlobalIDString = E1E54BF625368C0F0016ACE8;
			remoteInfo = Junkies;
		};
		E1E54C1925368C110016ACE8 /* PBXContainerItemProxy */ = {
			isa = PBXContainerItemProxy;
			containerPortal = E1E54BEF25368C0F0016ACE8 /* Project object */;
			proxyType = 1;
			remoteGlobalIDString = E1E54BF625368C0F0016ACE8;
			remoteInfo = Junkies;
		};
/* End PBXContainerItemProxy section */

/* Begin PBXFileReference section */
		E1E54BF725368C0F0016ACE8 /* Junkies.app */ = {isa = PBXFileReference; explicitFileType = wrapper.application; includeInIndex = 0; path = Junkies.app; sourceTree = BUILT_PRODUCTS_DIR; };
		E1E54BFA25368C0F0016ACE8 /* AppDelegate.swift */ = {isa = PBXFileReference; lastKnownFileType = sourcecode.swift; path = AppDelegate.swift; sourceTree = "<group>"; };
		E1E54BFC25368C0F0016ACE8 /* SceneDelegate.swift */ = {isa = PBXFileReference; lastKnownFileType = sourcecode.swift; path = SceneDelegate.swift; sourceTree = "<group>"; };
		E1E54BFE25368C0F0016ACE8 /* ViewController.swift */ = {isa = PBXFileReference; lastKnownFileType = sourcecode.swift; path = ViewController.swift; sourceTree = "<group>"; };
		E1E54C0125368C0F0016ACE8 /* Base */ = {isa = PBXFileReference; lastKnownFileType = file.storyboard; name = Base; path = Base.lproj/Main.storyboard; sourceTree = "<group>"; };
		E1E54C0325368C110016ACE8 /* Assets.xcassets */ = {isa = PBXFileReference; lastKnownFileType = folder.assetcatalog; path = Assets.xcassets; sourceTree = "<group>"; };
		E1E54C0625368C110016ACE8 /* Base */ = {isa = PBXFileReference; lastKnownFileType = file.storyboard; name = Base; path = Base.lproj/LaunchScreen.storyboard; sourceTree = "<group>"; };
		E1E54C0825368C110016ACE8 /* Info.plist */ = {isa = PBXFileReference; lastKnownFileType = text.plist.xml; path = Info.plist; sourceTree = "<group>"; };
		E1E54C0D25368C110016ACE8 /* JunkiesTests.xctest */ = {isa = PBXFileReference; explicitFileType = wrapper.cfbundle; includeInIndex = 0; path = JunkiesTests.xctest; sourceTree = BUILT_PRODUCTS_DIR; };
		E1E54C1125368C110016ACE8 /* JunkiesTests.swift */ = {isa = PBXFileReference; lastKnownFileType = sourcecode.swift; path = JunkiesTests.swift; sourceTree = "<group>"; };
		E1E54C1325368C110016ACE8 /* Info.plist */ = {isa = PBXFileReference; lastKnownFileType = text.plist.xml; path = Info.plist; sourceTree = "<group>"; };
		E1E54C1825368C110016ACE8 /* JunkiesUITests.xctest */ = {isa = PBXFileReference; explicitFileType = wrapper.cfbundle; includeInIndex = 0; path = JunkiesUITests.xctest; sourceTree = BUILT_PRODUCTS_DIR; };
		E1E54C1C25368C110016ACE8 /* JunkiesUITests.swift */ = {isa = PBXFileReference; lastKnownFileType = sourcecode.swift; path = JunkiesUITests.swift; sourceTree = "<group>"; };
		E1E54C1E25368C110016ACE8 /* Info.plist */ = {isa = PBXFileReference; lastKnownFileType = text.plist.xml; path = Info.plist; sourceTree = "<group>"; };
/* End PBXFileReference section */

/* Begin PBXFrameworksBuildPhase section */
		E1E54BF425368C0F0016ACE8 /* Frameworks */ = {
			isa = PBXFrameworksBuildPhase;
			buildActionMask = 2147483647;
			files = (
			);
			runOnlyForDeploymentPostprocessing = 0;
		};
		E1E54C0A25368C110016ACE8 /* Frameworks */ = {
			isa = PBXFrameworksBuildPhase;
			buildActionMask = 2147483647;
			files = (
			);
			runOnlyForDeploymentPostprocessing = 0;
		};
		E1E54C1525368C110016ACE8 /* Frameworks */ = {
			isa = PBXFrameworksBuildPhase;
			buildActionMask = 2147483647;
			files = (
			);
			runOnlyForDeploymentPostprocessing = 0;
		};
/* End PBXFrameworksBuildPhase section */

/* Begin PBXGroup section */
		E1E54BEE25368C0F0016ACE8 = {
			isa = PBXGroup;
			children = (
				E1E54BF925368C0F0016ACE8 /* Junkies */,
				E1E54C1025368C110016ACE8 /* JunkiesTests */,
				E1E54C1B25368C110016ACE8 /* JunkiesUITests */,
				E1E54BF825368C0F0016ACE8 /* Products */,
			);
			sourceTree = "<group>";
		};
		E1E54BF825368C0F0016ACE8 /* Products */ = {
			isa = PBXGroup;
			children = (
				E1E54BF725368C0F0016ACE8 /* Junkies.app */,
				E1E54C0D25368C110016ACE8 /* JunkiesTests.xctest */,
				E1E54C1825368C110016ACE8 /* JunkiesUITests.xctest */,
			);
			name = Products;
			sourceTree = "<group>";
		};
		E1E54BF925368C0F0016ACE8 /* Junkies */ = {
			isa = PBXGroup;
			children = (
				E1E54BFA25368C0F0016ACE8 /* AppDelegate.swift */,
				E1E54BFC25368C0F0016ACE8 /* SceneDelegate.swift */,
				E1E54BFE25368C0F0016ACE8 /* ViewController.swift */,
				E1E54C0025368C0F0016ACE8 /* Main.storyboard */,
				E1E54C0325368C110016ACE8 /* Assets.xcassets */,
				E1E54C0525368C110016ACE8 /* LaunchScreen.storyboard */,
				E1E54C0825368C110016ACE8 /* Info.plist */,
			);
			path = Junkies;
			sourceTree = "<group>";
		};
		E1E54C1025368C110016ACE8 /* JunkiesTests */ = {
			isa = PBXGroup;
			children = (
				E1E54C1125368C110016ACE8 /* JunkiesTests.swift */,
				E1E54C1325368C110016ACE8 /* Info.plist */,
			);
			path = JunkiesTests;
			sourceTree = "<group>";
		};
		E1E54C1B25368C110016ACE8 /* JunkiesUITests */ = {
			isa = PBXGroup;
			children = (
				E1E54C1C25368C110016ACE8 /* JunkiesUITests.swift */,
				E1E54C1E25368C110016ACE8 /* Info.plist */,
			);
			path = JunkiesUITests;
			sourceTree = "<group>";
		};
/* End PBXGroup section */

/* Begin PBXNativeTarget section */
		E1E54BF625368C0F0016ACE8 /* Junkies */ = {
			isa = PBXNativeTarget;
			buildConfigurationList = E1E54C2125368C110016ACE8 /* Build configuration list for PBXNativeTarget "Junkies" */;
			buildPhases = (
				E1E54BF325368C0F0016ACE8 /* Sources */,
				E1E54BF425368C0F0016ACE8 /* Frameworks */,
				E1E54BF525368C0F0016ACE8 /* Resources */,
			);
			buildRules = (
			);
			dependencies = (
			);
			name = Junkies;
			productName = Junkies;
			productReference = E1E54BF725368C0F0016ACE8 /* Junkies.app */;
			productType = "com.apple.product-type.application";
		};
		E1E54C0C25368C110016ACE8 /* JunkiesTests */ = {
			isa = PBXNativeTarget;
			buildConfigurationList = E1E54C2425368C110016ACE8 /* Build configuration list for PBXNativeTarget "JunkiesTests" */;
			buildPhases = (
				E1E54C0925368C110016ACE8 /* Sources */,
				E1E54C0A25368C110016ACE8 /* Frameworks */,
				E1E54C0B25368C110016ACE8 /* Resources */,
			);
			buildRules = (
			);
			dependencies = (
				E1E54C0F25368C110016ACE8 /* PBXTargetDependency */,
			);
			name = JunkiesTests;
			productName = JunkiesTests;
			productReference = E1E54C0D25368C110016ACE8 /* JunkiesTests.xctest */;
			productType = "com.apple.product-type.bundle.unit-test";
		};
		E1E54C1725368C110016ACE8 /* JunkiesUITests */ = {
			isa = PBXNativeTarget;
			buildConfigurationList = E1E54C2725368C110016ACE8 /* Build configuration list for PBXNativeTarget "JunkiesUITests" */;
			buildPhases = (
				E1E54C1425368C110016ACE8 /* Sources */,
				E1E54C1525368C110016ACE8 /* Frameworks */,
				E1E54C1625368C110016ACE8 /* Resources */,
			);
			buildRules = (
			);
			dependencies = (
				E1E54C1A25368C110016ACE8 /* PBXTargetDependency */,
			);
			name = JunkiesUITests;
			productName = JunkiesUITests;
			productReference = E1E54C1825368C110016ACE8 /* JunkiesUITests.xctest */;
			productType = "com.apple.product-type.bundle.ui-testing";
		};
/* End PBXNativeTarget section */

/* Begin PBXProject section */
		E1E54BEF25368C0F0016ACE8 /* Project object */ = {
			isa = PBXProject;
			attributes = {
				LastSwiftUpdateCheck = 1160;
				LastUpgradeCheck = 1160;
				ORGANIZATIONNAME = "Avinash Jain";
				TargetAttributes = {
					E1E54BF625368C0F0016ACE8 = {
						CreatedOnToolsVersion = 11.6;
					};
					E1E54C0C25368C110016ACE8 = {
						CreatedOnToolsVersion = 11.6;
						TestTargetID = E1E54BF625368C0F0016ACE8;
					};
					E1E54C1725368C110016ACE8 = {
						CreatedOnToolsVersion = 11.6;
						TestTargetID = E1E54BF625368C0F0016ACE8;
					};
				};
			};
			buildConfigurationList = E1E54BF225368C0F0016ACE8 /* Build configuration list for PBXProject "Junkies" */;
			compatibilityVersion = "Xcode 9.3";
			developmentRegion = en;
			hasScannedForEncodings = 0;
			knownRegions = (
				en,
				Base,
			);
			mainGroup = E1E54BEE25368C0F0016ACE8;
			productRefGroup = E1E54BF825368C0F0016ACE8 /* Products */;
			projectDirPath = "";
			projectRoot = "";
			targets = (
				E1E54BF625368C0F0016ACE8 /* Junkies */,
				E1E54C0C25368C110016ACE8 /* JunkiesTests */,
				E1E54C1725368C110016ACE8 /* JunkiesUITests */,
			);
		};
/* End PBXProject section */

/* Begin PBXResourcesBuildPhase section */
		E1E54BF525368C0F0016ACE8 /* Resources */ = {
			isa = PBXResourcesBuildPhase;
			buildActionMask = 2147483647;
			files = (
				E1E54C0725368C110016ACE8 /* LaunchScreen.storyboard in Resources */,
				E1E54C0425368C110016ACE8 /* Assets.xcassets in Resources */,
				E1E54C0225368C0F0016ACE8 /* Main.storyboard in Resources */,
			);
			runOnlyForDeploymentPostprocessing = 0;
		};
		E1E54C0B25368C110016ACE8 /* Resources */ = {
			isa = PBXResourcesBuildPhase;
			buildActionMask = 2147483647;
			files = (
			);
			runOnlyForDeploymentPostprocessing = 0;
		};
		E1E54C1625368C110016ACE8 /* Resources */ = {
			isa = PBXResourcesBuildPhase;
			buildActionMask = 2147483647;
			files = (
			);
			runOnlyForDeploymentPostprocessing = 0;
		};
/* End PBXResourcesBuildPhase section */

/* Begin PBXSourcesBuildPhase section */
		E1E54BF325368C0F0016ACE8 /* Sources */ = {
			isa = PBXSourcesBuildPhase;
			buildActionMask = 2147483647;
			files = (
				E1E54BFF25368C0F0016ACE8 /* ViewController.swift in Sources */,
				E1E54BFB25368C0F0016ACE8 /* AppDelegate.swift in Sources */,
				E1E54BFD25368C0F0016ACE8 /* SceneDelegate.swift in Sources */,
			);
			runOnlyForDeploymentPostprocessing = 0;
		};
		E1E54C0925368C110016ACE8 /* Sources */ = {
			isa = PBXSourcesBuildPhase;
			buildActionMask = 2147483647;
			files = (
				E1E54C1225368C110016ACE8 /* JunkiesTests.swift in Sources */,
			);
			runOnlyForDeploymentPostprocessing = 0;
		};
		E1E54C1425368C110016ACE8 /* Sources */ = {
			isa = PBXSourcesBuildPhase;
			buildActionMask = 2147483647;
			files = (
				E1E54C1D25368C110016ACE8 /* JunkiesUITests.swift in Sources */,
			);
			runOnlyForDeploymentPostprocessing = 0;
		};
/* End PBXSourcesBuildPhase section */

/* Begin PBXTargetDependency section */
		E1E54C0F25368C110016ACE8 /* PBXTargetDependency */ = {
			isa = PBXTargetDependency;
			target = E1E54BF625368C0F0016ACE8 /* Junkies */;
			targetProxy = E1E54C0E25368C110016ACE8 /* PBXContainerItemProxy */;
		};
		E1E54C1A25368C110016ACE8 /* PBXTargetDependency */ = {
			isa = PBXTargetDependency;
			target = E1E54BF625368C0F0016ACE8 /* Junkies */;
			targetProxy = E1E54C1925368C110016ACE8 /* PBXContainerItemProxy */;
		};
/* End PBXTargetDependency section */

/* Begin PBXVariantGroup section */
		E1E54C0025368C0F0016ACE8 /* Main.storyboard */ = {
			isa = PBXVariantGroup;
			children = (
				E1E54C0125368C0F0016ACE8 /* Base */,
			);
			name = Main.storyboard;
			sourceTree = "<group>";
		};
		E1E54C0525368C110016ACE8 /* LaunchScreen.storyboard */ = {
			isa = PBXVariantGroup;
			children = (
				E1E54C0625368C110016ACE8 /* Base */,
			);
			name = LaunchScreen.storyboard;
			sourceTree = "<group>";
		};
/* End PBXVariantGroup section */

/* Begin XCBuildConfiguration section */
		E1E54C1F25368C110016ACE8 /* Debug */ = {
			isa = XCBuildConfiguration;
			buildSettings = {
				ALWAYS_SEARCH_USER_PATHS = NO;
				CLANG_ANALYZER_NONNULL = YES;
				CLANG_ANALYZER_NUMBER_OBJECT_CONVERSION = YES_AGGRESSIVE;
				CLANG_CXX_LANGUAGE_STANDARD = "gnu++14";
				CLANG_CXX_LIBRARY = "libc++";
				CLANG_ENABLE_MODULES = YES;
				CLANG_ENABLE_OBJC_ARC = YES;
				CLANG_ENABLE_OBJC_WEAK = YES;
				CLANG_WARN_BLOCK_CAPTURE_AUTORELEASING = YES;
				CLANG_WARN_BOOL_CONVERSION = YES;
				CLANG_WARN_COMMA = YES;
				CLANG_WARN_CONSTANT_CONVERSION = YES;
				CLANG_WARN_DEPRECATED_OBJC_IMPLEMENTATIONS = YES;
				CLANG_WARN_DIRECT_OBJC_ISA_USAGE = YES_ERROR;
				CLANG_WARN_DOCUMENTATION_COMMENTS = YES;
				CLANG_WARN_EMPTY_BODY = YES;
				CLANG_WARN_ENUM_CONVERSION = YES;
				CLANG_WARN_INFINITE_RECURSION = YES;
				CLANG_WARN_INT_CONVERSION = YES;
				CLANG_WARN_NON_LITERAL_NULL_CONVERSION = YES;
				CLANG_WARN_OBJC_IMPLICIT_RETAIN_SELF = YES;
				CLANG_WARN_OBJC_LITERAL_CONVERSION = YES;
				CLANG_WARN_OBJC_ROOT_CLASS = YES_ERROR;
				CLANG_WARN_RANGE_LOOP_ANALYSIS = YES;
				CLANG_WARN_STRICT_PROTOTYPES = YES;
				CLANG_WARN_SUSPICIOUS_MOVE = YES;
				CLANG_WARN_UNGUARDED_AVAILABILITY = YES_AGGRESSIVE;
				CLANG_WARN_UNREACHABLE_CODE = YES;
				CLANG_WARN__DUPLICATE_METHOD_MATCH = YES;
				COPY_PHASE_STRIP = NO;
				DEBUG_INFORMATION_FORMAT = dwarf;
				ENABLE_STRICT_OBJC_MSGSEND = YES;
				ENABLE_TESTABILITY = YES;
				GCC_C_LANGUAGE_STANDARD = gnu11;
				GCC_DYNAMIC_NO_PIC = NO;
				GCC_NO_COMMON_BLOCKS = YES;
				GCC_OPTIMIZATION_LEVEL = 0;
				GCC_PREPROCESSOR_DEFINITIONS = (
					"DEBUG=1",
					"$(inherited)",
				);
				GCC_WARN_64_TO_32_BIT_CONVERSION = YES;
				GCC_WARN_ABOUT_RETURN_TYPE = YES_ERROR;
				GCC_WARN_UNDECLARED_SELECTOR = YES;
				GCC_WARN_UNINITIALIZED_AUTOS = YES_AGGRESSIVE;
				GCC_WARN_UNUSED_FUNCTION = YES;
				GCC_WARN_UNUSED_VARIABLE = YES;
				IPHONEOS_DEPLOYMENT_TARGET = 13.6;
				MTL_ENABLE_DEBUG_INFO = INCLUDE_SOURCE;
				MTL_FAST_MATH = YES;
				ONLY_ACTIVE_ARCH = YES;
				SDKROOT = iphoneos;
				SWIFT_ACTIVE_COMPILATION_CONDITIONS = DEBUG;
				SWIFT_OPTIMIZATION_LEVEL = "-Onone";
			};
			name = Debug;
		};
		E1E54C2025368C110016ACE8 /* Release */ = {
			isa = XCBuildConfiguration;
			buildSettings = {
				ALWAYS_SEARCH_USER_PATHS = NO;
				CLANG_ANALYZER_NONNULL = YES;
				CLANG_ANALYZER_NUMBER_OBJECT_CONVERSION = YES_AGGRESSIVE;
				CLANG_CXX_LANGUAGE_STANDARD = "gnu++14";
				CLANG_CXX_LIBRARY = "libc++";
				CLANG_ENABLE_MODULES = YES;
				CLANG_ENABLE_OBJC_ARC = YES;
				CLANG_ENABLE_OBJC_WEAK = YES;
				CLANG_WARN_BLOCK_CAPTURE_AUTORELEASING = YES;
				CLANG_WARN_BOOL_CONVERSION = YES;
				CLANG_WARN_COMMA = YES;
				CLANG_WARN_CONSTANT_CONVERSION = YES;
				CLANG_WARN_DEPRECATED_OBJC_IMPLEMENTATIONS = YES;
				CLANG_WARN_DIRECT_OBJC_ISA_USAGE = YES_ERROR;
				CLANG_WARN_DOCUMENTATION_COMMENTS = YES;
				CLANG_WARN_EMPTY_BODY = YES;
				CLANG_WARN_ENUM_CONVERSION = YES;
				CLANG_WARN_INFINITE_RECURSION = YES;
				CLANG_WARN_INT_CONVERSION = YES;
				CLANG_WARN_NON_LITERAL_NULL_CONVERSION = YES;
				CLANG_WARN_OBJC_IMPLICIT_RETAIN_SELF = YES;
				CLANG_WARN_OBJC_LITERAL_CONVERSION = YES;
				CLANG_WARN_OBJC_ROOT_CLASS = YES_ERROR;
				CLANG_WARN_RANGE_LOOP_ANALYSIS = YES;
				CLANG_WARN_STRICT_PROTOTYPES = YES;
				CLANG_WARN_SUSPICIOUS_MOVE = YES;
				CLANG_WARN_UNGUARDED_AVAILABILITY = YES_AGGRESSIVE;
				CLANG_WARN_UNREACHABLE_CODE = YES;
				CLANG_WARN__DUPLICATE_METHOD_MATCH = YES;
				COPY_PHASE_STRIP = NO;
				DEBUG_INFORMATION_FORMAT = "dwarf-with-dsym";
				ENABLE_NS_ASSERTIONS = NO;
				ENABLE_STRICT_OBJC_MSGSEND = YES;
				GCC_C_LANGUAGE_STANDARD = gnu11;
				GCC_NO_COMMON_BLOCKS = YES;
				GCC_WARN_64_TO_32_BIT_CONVERSION = YES;
				GCC_WARN_ABOUT_RETURN_TYPE = YES_ERROR;
				GCC_WARN_UNDECLARED_SELECTOR = YES;
				GCC_WARN_UNINITIALIZED_AUTOS = YES_AGGRESSIVE;
				GCC_WARN_UNUSED_FUNCTION = YES;
				GCC_WARN_UNUSED_VARIABLE = YES;
				IPHONEOS_DEPLOYMENT_TARGET = 13.6;
				MTL_ENABLE_DEBUG_INFO = NO;
				MTL_FAST_MATH = YES;
				SDKROOT = iphoneos;
				SWIFT_COMPILATION_MODE = wholemodule;
				SWIFT_OPTIMIZATION_LEVEL = "-O";
				VALIDATE_PRODUCT = YES;
			};
			name = Release;
		};
		E1E54C2225368C110016ACE8 /* Debug */ = {
			isa = XCBuildConfiguration;
			buildSettings = {
				ASSETCATALOG_COMPILER_APPICON_NAME = AppIcon;
				CODE_SIGN_STYLE = Automatic;
				DEVELOPMENT_TEAM = 3V593WX43L;
				INFOPLIST_FILE = Junkies/Info.plist;
				LD_RUNPATH_SEARCH_PATHS = (
					"$(inherited)",
					"@executable_path/Frameworks",
				);
				PRODUCT_BUNDLE_IDENTIFIER = Cubstart.Junkies;
				PRODUCT_NAME = "$(TARGET_NAME)";
				SWIFT_VERSION = 5.0;
				TARGETED_DEVICE_FAMILY = "1,2";
			};
			name = Debug;
		};
		E1E54C2325368C110016ACE8 /* Release */ = {
			isa = XCBuildConfiguration;
			buildSettings = {
				ASSETCATALOG_COMPILER_APPICON_NAME = AppIcon;
				CODE_SIGN_STYLE = Automatic;
				DEVELOPMENT_TEAM = 3V593WX43L;
				INFOPLIST_FILE = Junkies/Info.plist;
				LD_RUNPATH_SEARCH_PATHS = (
					"$(inherited)",
					"@executable_path/Frameworks",
				);
				PRODUCT_BUNDLE_IDENTIFIER = Cubstart.Junkies;
				PRODUCT_NAME = "$(TARGET_NAME)";
				SWIFT_VERSION = 5.0;
				TARGETED_DEVICE_FAMILY = "1,2";
			};
			name = Release;
		};
		E1E54C2525368C110016ACE8 /* Debug */ = {
			isa = XCBuildConfiguration;
			buildSettings = {
				ALWAYS_EMBED_SWIFT_STANDARD_LIBRARIES = YES;
				BUNDLE_LOADER = "$(TEST_HOST)";
				CODE_SIGN_STYLE = Automatic;
				DEVELOPMENT_TEAM = 3V593WX43L;
				INFOPLIST_FILE = JunkiesTests/Info.plist;
				IPHONEOS_DEPLOYMENT_TARGET = 13.6;
				LD_RUNPATH_SEARCH_PATHS = (
					"$(inherited)",
					"@executable_path/Frameworks",
					"@loader_path/Frameworks",
				);
				PRODUCT_BUNDLE_IDENTIFIER = Cubstart.JunkiesTests;
				PRODUCT_NAME = "$(TARGET_NAME)";
				SWIFT_VERSION = 5.0;
				TARGETED_DEVICE_FAMILY = "1,2";
				TEST_HOST = "$(BUILT_PRODUCTS_DIR)/Junkies.app/Junkies";
			};
			name = Debug;
		};
		E1E54C2625368C110016ACE8 /* Release */ = {
			isa = XCBuildConfiguration;
			buildSettings = {
				ALWAYS_EMBED_SWIFT_STANDARD_LIBRARIES = YES;
				BUNDLE_LOADER = "$(TEST_HOST)";
				CODE_SIGN_STYLE = Automatic;
				DEVELOPMENT_TEAM = 3V593WX43L;
				INFOPLIST_FILE = JunkiesTests/Info.plist;
				IPHONEOS_DEPLOYMENT_TARGET = 13.6;
				LD_RUNPATH_SEARCH_PATHS = (
					"$(inherited)",
					"@executable_path/Frameworks",
					"@loader_path/Frameworks",
				);
				PRODUCT_BUNDLE_IDENTIFIER = Cubstart.JunkiesTests;
				PRODUCT_NAME = "$(TARGET_NAME)";
				SWIFT_VERSION = 5.0;
				TARGETED_DEVICE_FAMILY = "1,2";
				TEST_HOST = "$(BUILT_PRODUCTS_DIR)/Junkies.app/Junkies";
			};
			name = Release;
		};
		E1E54C2825368C110016ACE8 /* Debug */ = {
			isa = XCBuildConfiguration;
			buildSettings = {
				ALWAYS_EMBED_SWIFT_STANDARD_LIBRARIES = YES;
				CODE_SIGN_STYLE = Automatic;
				DEVELOPMENT_TEAM = 3V593WX43L;
				INFOPLIST_FILE = JunkiesUITests/Info.plist;
				LD_RUNPATH_SEARCH_PATHS = (
					"$(inherited)",
					"@executable_path/Frameworks",
					"@loader_path/Frameworks",
				);
				PRODUCT_BUNDLE_IDENTIFIER = Cubstart.JunkiesUITests;
				PRODUCT_NAME = "$(TARGET_NAME)";
				SWIFT_VERSION = 5.0;
				TARGETED_DEVICE_FAMILY = "1,2";
				TEST_TARGET_NAME = Junkies;
			};
			name = Debug;
		};
		E1E54C2925368C110016ACE8 /* Release */ = {
			isa = XCBuildConfiguration;
			buildSettings = {
				ALWAYS_EMBED_SWIFT_STANDARD_LIBRARIES = YES;
				CODE_SIGN_STYLE = Automatic;
				DEVELOPMENT_TEAM = 3V593WX43L;
				INFOPLIST_FILE = JunkiesUITests/Info.plist;
				LD_RUNPATH_SEARCH_PATHS = (
					"$(inherited)",
					"@executable_path/Frameworks",
					"@loader_path/Frameworks",
				);
				PRODUCT_BUNDLE_IDENTIFIER = Cubstart.JunkiesUITests;
				PRODUCT_NAME = "$(TARGET_NAME)";
				SWIFT_VERSION = 5.0;
				TARGETED_DEVICE_FAMILY = "1,2";
				TEST_TARGET_NAME = Junkies;
			};
			name = Release;
		};
/* End XCBuildConfiguration section */

/* Begin XCConfigurationList section */
		E1E54BF225368C0F0016ACE8 /* Build configuration list for PBXProject "Junkies" */ = {
			isa = XCConfigurationList;
			buildConfigurations = (
				E1E54C1F25368C110016ACE8 /* Debug */,
				E1E54C2025368C110016ACE8 /* Release */,
			);
			defaultConfigurationIsVisible = 0;
			defaultConfigurationName = Release;
		};
		E1E54C2125368C110016ACE8 /* Build configuration list for PBXNativeTarget "Junkies" */ = {
			isa = XCConfigurationList;
			buildConfigurations = (
				E1E54C2225368C110016ACE8 /* Debug */,
				E1E54C2325368C110016ACE8 /* Release */,
			);
			defaultConfigurationIsVisible = 0;
			defaultConfigurationName = Release;
		};
		E1E54C2425368C110016ACE8 /* Build configuration list for PBXNativeTarget "JunkiesTests" */ = {
			isa = XCConfigurationList;
			buildConfigurations = (
				E1E54C2525368C110016ACE8 /* Debug */,
				E1E54C2625368C110016ACE8 /* Release */,
			);
			defaultConfigurationIsVisible = 0;
			defaultConfigurationName = Release;
		};
		E1E54C2725368C110016ACE8 /* Build configuration list for PBXNativeTarget "JunkiesUITests" */ = {
			isa = XCConfigurationList;
			buildConfigurations = (
				E1E54C2825368C110016ACE8 /* Debug */,
				E1E54C2925368C110016ACE8 /* Release */,
			);
			defaultConfigurationIsVisible = 0;
			defaultConfigurationName = Release;
		};
/* End XCConfigurationList section */
	};
	rootObject = E1E54BEF25368C0F0016ACE8 /* Project object */;
}
